
Microsoft Visual Studio Solution File, Format Version 12.00
# Visual Studio Version 17
VisualStudioVersion = 17.13.35825.156
MinimumVisualStudioVersion = 10.0.40219.1
Project("{FAE04EC0-301F-11D3-BF4B-00C04F79EFBC}") = "Test 3", "Test 3.csproj", "{80D4053E-4E2C-4D8C-9F27-E0ACAE9F59D6}"
EndProject
Global
	GlobalSection(SolutionConfigurationPlatforms) = preSolution
		Debug|Any CPU = Debug|Any CPU
		Release|Any CPU = Release|Any CPU
	EndGlobalSection
	GlobalSection(ProjectConfigurationPlatforms) = postSolution
		{80D4053E-4E2C-4D8C-9F27-E0ACAE9F59D6}.Debug|Any CPU.ActiveCfg = Debug|Any CPU
		{80D4053E-4E2C-4D8C-9F27-E0ACAE9F59D6}.Debug|Any CPU.Build.0 = Debug|Any CPU
		{80D4053E-4E2C-4D8C-9F27-E0ACAE9F59D6}.Release|Any CPU.ActiveCfg = Release|Any CPU
		{80D4053E-4E2C-4D8C-9F27-E0ACAE9F59D6}.Release|Any CPU.Build.0 = Release|Any CPU
	EndGlobalSection
	GlobalSection(SolutionProperties) = preSolution
		HideSolutionNode = FALSE
	EndGlobalSection
	GlobalSection(ExtensibilityGlobals) = postSolution
		SolutionGuid = {A10D39BC-3D6F-4B3D-8360-F892F879975D}
	EndGlobalSection
EndGlobal
